
Microsoft Visual Studio Solution File, Format Version 12.00
# Visual Studio Version 17
VisualStudioVersion = 17.8.34525.116
MinimumVisualStudioVersion = 10.0.40219.1
Project("{FAE04EC0-301F-11D3-BF4B-00C04F79EFBC}") = "Dto", "Dto.csproj", "{2E11E664-B8F2-449E-B9EF-DF3BD92EC75E}"
EndProject
Global
	GlobalSection(SolutionConfigurationPlatforms) = preSolution
		Debug|Any CPU = Debug|Any CPU
		Release|Any CPU = Release|Any CPU
	EndGlobalSection
	GlobalSection(ProjectConfigurationPlatforms) = postSolution
		{2E11E664-B8F2-449E-B9EF-DF3BD92EC75E}.Debug|Any CPU.ActiveCfg = Debug|Any CPU
		{2E11E664-B8F2-449E-B9EF-DF3BD92EC75E}.Debug|Any CPU.Build.0 = Debug|Any CPU
		{2E11E664-B8F2-449E-B9EF-DF3BD92EC75E}.Release|Any CPU.ActiveCfg = Release|Any CPU
		{2E11E664-B8F2-449E-B9EF-DF3BD92EC75E}.Release|Any CPU.Build.0 = Release|Any CPU
	EndGlobalSection
	GlobalSection(SolutionProperties) = preSolution
		HideSolutionNode = FALSE
	EndGlobalSection
	GlobalSection(ExtensibilityGlobals) = postSolution
		SolutionGuid = {AE9F5E6E-7987-4C23-90A2-F294097FCD61}
	EndGlobalSection
EndGlobal
